
Microsoft Visual Studio Solution File, Format Version 12.00
# Visual Studio Version 16
VisualStudioVersion = 16.0.30011.22
MinimumVisualStudioVersion = 10.0.40219.1
Project("{2150E333-8FDC-42A3-9474-1A3956D46DE8}") = "MainProgram", "MainProgram", "{AEF38700-215D-44EB-A73D-9CF7FC005421}"
EndProject
Project("{FAE04EC0-301F-11D3-BF4B-00C04F79EFBC}") = "MainProgramFile", "MainProgramFile\MainProgramFile.csproj", "{768965C7-9D5E-4BAA-A4B9-BBCE820F1312}"
EndProject
Global
	GlobalSection(SolutionConfigurationPlatforms) = preSolution
		Debug|Any CPU = Debug|Any CPU
		Release|Any CPU = Release|Any CPU
	EndGlobalSection
	GlobalSection(ProjectConfigurationPlatforms) = postSolution
		{768965C7-9D5E-4BAA-A4B9-BBCE820F1312}.Debug|Any CPU.ActiveCfg = Debug|Any CPU
		{768965C7-9D5E-4BAA-A4B9-BBCE820F1312}.Debug|Any CPU.Build.0 = Debug|Any CPU
		{768965C7-9D5E-4BAA-A4B9-BBCE820F1312}.Release|Any CPU.ActiveCfg = Release|Any CPU
		{768965C7-9D5E-4BAA-A4B9-BBCE820F1312}.Release|Any CPU.Build.0 = Release|Any CPU
	EndGlobalSection
	GlobalSection(SolutionProperties) = preSolution
		HideSolutionNode = FALSE
	EndGlobalSection
	GlobalSection(NestedProjects) = preSolution
		{768965C7-9D5E-4BAA-A4B9-BBCE820F1312} = {AEF38700-215D-44EB-A73D-9CF7FC005421}
	EndGlobalSection
	GlobalSection(ExtensibilityGlobals) = postSolution
		SolutionGuid = {00F6222B-8674-47ED-B5B6-36DFF95276FB}
	EndGlobalSection
EndGlobal
